{
  "name": "datenplattform-app",
  "version": "1.0.0",
  "lockfileVersion": 1,
  "requires": true,
  "dependencies": {
    "react-data-grid-addons": {
      "version": "3.0.10",
      "resolved": "https://registry.npmjs.org/react-data-grid-addons/-/react-data-grid-addons-3.0.10.tgz",
      "integrity": "sha1-YuSOskjPq7IQYSzUp7HIBE5zcm4=",
      "requires": {
        "react-data-grid": "3.0.10"
      },
      "dependencies": {
        "react-data-grid": {
          "version": "3.0.10",
          "resolved": "https://registry.npmjs.org/react-data-grid/-/react-data-grid-3.0.10.tgz",
          "integrity": "sha1-7X6INHhzKq9Xu6yiZAMi819fKFw="
        }
      }
    }
  }
}
